
Microsoft Visual Studio Solution File, Format Version 12.00
# Visual Studio Version 17
VisualStudioVersion = 17.14.35821.62 d17.14
MinimumVisualStudioVersion = 10.0.40219.1
Project("{2150E333-8FDC-42A3-9474-1A3956D46DE8}") = "src", "src", "{02EA681E-C7D8-13C7-8484-4AC65E1B71E8}"
EndProject
Project("{2150E333-8FDC-42A3-9474-1A3956D46DE8}") = "tests", "tests", "{B8B2A450-B816-4107-A6CF-2FADEDED1FAF}"
EndProject
Project("{FAE04EC0-301F-11D3-BF4B-00C04F79EFBC}") = "Arete.Api", "Arete.Api\Arete.Api.csproj", "{40DF1331-F555-4846-B65F-CF554300F9D7}"
EndProject
Global
	GlobalSection(SolutionConfigurationPlatforms) = preSolution
		Debug|Any CPU = Debug|Any CPU
		Release|Any CPU = Release|Any CPU
	EndGlobalSection
	GlobalSection(ProjectConfigurationPlatforms) = postSolution
		{40DF1331-F555-4846-B65F-CF554300F9D7}.Debug|Any CPU.ActiveCfg = Debug|Any CPU
		{40DF1331-F555-4846-B65F-CF554300F9D7}.Debug|Any CPU.Build.0 = Debug|Any CPU
		{40DF1331-F555-4846-B65F-CF554300F9D7}.Release|Any CPU.ActiveCfg = Release|Any CPU
		{40DF1331-F555-4846-B65F-CF554300F9D7}.Release|Any CPU.Build.0 = Release|Any CPU
	EndGlobalSection
	GlobalSection(SolutionProperties) = preSolution
		HideSolutionNode = FALSE
	EndGlobalSection
	GlobalSection(NestedProjects) = preSolution
		{40DF1331-F555-4846-B65F-CF554300F9D7} = {02EA681E-C7D8-13C7-8484-4AC65E1B71E8}
	EndGlobalSection
	GlobalSection(ExtensibilityGlobals) = postSolution
		SolutionGuid = {74CD9141-6412-4681-992A-0B7649781633}
	EndGlobalSection
EndGlobal
